
Microsoft Visual Studio Solution File, Format Version 12.00
# Visual Studio 15
VisualStudioVersion = 15.0.26730.10
MinimumVisualStudioVersion = 10.0.40219.1
Project("{FAE04EC0-301F-11D3-BF4B-00C04F79EFBC}") = "VideoAppGUI", "VideoApp\VideoAppGUI.csproj", "{EE202601-AE74-4E5A-9FF5-CC22F06635E8}"
EndProject
Project("{FAE04EC0-301F-11D3-BF4B-00C04F79EFBC}") = "VideoAppBLL", "VideoAppBLL\VideoAppBLL.csproj", "{BBEA067E-503C-4581-B8FF-25B6EA8364A0}"
EndProject
Project("{FAE04EC0-301F-11D3-BF4B-00C04F79EFBC}") = "VidepAppEntity", "VidepAppEntity\VidepAppEntity.csproj", "{7244F5D7-45D0-4BEF-BDE0-E1941F0DD8E0}"
EndProject
Project("{FAE04EC0-301F-11D3-BF4B-00C04F79EFBC}") = "VideoAppDAL", "VideoAppDAL\VideoAppDAL.csproj", "{CD5E0C5B-7940-4324-9F9B-4B5C78DFB5DD}"
EndProject
Global
	GlobalSection(SolutionConfigurationPlatforms) = preSolution
		Debug|Any CPU = Debug|Any CPU
		Release|Any CPU = Release|Any CPU
	EndGlobalSection
	GlobalSection(ProjectConfigurationPlatforms) = postSolution
		{EE202601-AE74-4E5A-9FF5-CC22F06635E8}.Debug|Any CPU.ActiveCfg = Debug|Any CPU
		{EE202601-AE74-4E5A-9FF5-CC22F06635E8}.Debug|Any CPU.Build.0 = Debug|Any CPU
		{EE202601-AE74-4E5A-9FF5-CC22F06635E8}.Release|Any CPU.ActiveCfg = Release|Any CPU
		{EE202601-AE74-4E5A-9FF5-CC22F06635E8}.Release|Any CPU.Build.0 = Release|Any CPU
		{BBEA067E-503C-4581-B8FF-25B6EA8364A0}.Debug|Any CPU.ActiveCfg = Debug|Any CPU
		{BBEA067E-503C-4581-B8FF-25B6EA8364A0}.Debug|Any CPU.Build.0 = Debug|Any CPU
		{BBEA067E-503C-4581-B8FF-25B6EA8364A0}.Release|Any CPU.ActiveCfg = Release|Any CPU
		{BBEA067E-503C-4581-B8FF-25B6EA8364A0}.Release|Any CPU.Build.0 = Release|Any CPU
		{7244F5D7-45D0-4BEF-BDE0-E1941F0DD8E0}.Debug|Any CPU.ActiveCfg = Debug|Any CPU
		{7244F5D7-45D0-4BEF-BDE0-E1941F0DD8E0}.Debug|Any CPU.Build.0 = Debug|Any CPU
		{7244F5D7-45D0-4BEF-BDE0-E1941F0DD8E0}.Release|Any CPU.ActiveCfg = Release|Any CPU
		{7244F5D7-45D0-4BEF-BDE0-E1941F0DD8E0}.Release|Any CPU.Build.0 = Release|Any CPU
		{CD5E0C5B-7940-4324-9F9B-4B5C78DFB5DD}.Debug|Any CPU.ActiveCfg = Debug|Any CPU
		{CD5E0C5B-7940-4324-9F9B-4B5C78DFB5DD}.Debug|Any CPU.Build.0 = Debug|Any CPU
		{CD5E0C5B-7940-4324-9F9B-4B5C78DFB5DD}.Release|Any CPU.ActiveCfg = Release|Any CPU
		{CD5E0C5B-7940-4324-9F9B-4B5C78DFB5DD}.Release|Any CPU.Build.0 = Release|Any CPU
	EndGlobalSection
	GlobalSection(SolutionProperties) = preSolution
		HideSolutionNode = FALSE
	EndGlobalSection
	GlobalSection(ExtensibilityGlobals) = postSolution
		SolutionGuid = {1EAEC83A-4C5B-4979-86E9-A957E4C1D5CB}
	EndGlobalSection
EndGlobal
